
Microsoft Visual Studio Solution File, Format Version 12.00
# Visual Studio 2013
VisualStudioVersion = 12.0.40629.0
MinimumVisualStudioVersion = 10.0.40219.1
Project("{9092AA53-FB77-4645-B42D-1CCCA6BD08BD}") = "NodejsApp1", "NodejsApp1.njsproj", "{326008BF-BDE1-4B52-B869-E4CF32375F67}"
EndProject
Global
	GlobalSection(SolutionConfigurationPlatforms) = preSolution
		Debug|Any CPU = Debug|Any CPU
		Release|Any CPU = Release|Any CPU
	EndGlobalSection
	GlobalSection(ProjectConfigurationPlatforms) = postSolution
		{326008BF-BDE1-4B52-B869-E4CF32375F67}.Debug|Any CPU.ActiveCfg = Debug|Any CPU
		{326008BF-BDE1-4B52-B869-E4CF32375F67}.Debug|Any CPU.Build.0 = Debug|Any CPU
		{326008BF-BDE1-4B52-B869-E4CF32375F67}.Release|Any CPU.ActiveCfg = Release|Any CPU
		{326008BF-BDE1-4B52-B869-E4CF32375F67}.Release|Any CPU.Build.0 = Release|Any CPU
	EndGlobalSection
	GlobalSection(SolutionProperties) = preSolution
		HideSolutionNode = FALSE
	EndGlobalSection
EndGlobal
